github.com/joho/godotenv v1.5.1 h1:7eLL/+HRGLY0ldzfGMeQkb7vMd0as4CfYvUVzLqw0N0=
github.com/joho/godotenv v1.5.1/go.mod h1:f4LDr5Voq0i2e/R5DDNOoa2zzDfwtkZa6DnEwAbqwq4=
github.com/zoninnik89/commons v0.0.0-20240908125020-0d141c3cdbde h1:R4YVoBVPeibKGjfShJK7s30TbFOY75EJOsdTMFqxNN8=
github.com/zoninnik89/commons v0.0.0-20240908125020-0d141c3cdbde/go.mod h1:jnAkQmVbfN5sT26ebSL6fW2EZkX4FMHUba0AfmgvQ/U=
